
Microsoft Visual Studio Solution File, Format Version 12.00
# Visual Studio Version 17
VisualStudioVersion = 17.4.33122.133
MinimumVisualStudioVersion = 10.0.40219.1
Project("{9A19103F-16F7-4668-BE54-9A1E7A4F7556}") = "Helpful Hackers. XBCAD7319. POE", "Helpful Hackers. XBCAD7319. POE.csproj", "{9FBBC82A-522B-4988-A482-458012DC325E}"
EndProject
Global
	GlobalSection(SolutionConfigurationPlatforms) = preSolution
		Debug|Any CPU = Debug|Any CPU
		Release|Any CPU = Release|Any CPU
	EndGlobalSection
	GlobalSection(ProjectConfigurationPlatforms) = postSolution
		{9FBBC82A-522B-4988-A482-458012DC325E}.Debug|Any CPU.ActiveCfg = Debug|Any CPU
		{9FBBC82A-522B-4988-A482-458012DC325E}.Debug|Any CPU.Build.0 = Debug|Any CPU
		{9FBBC82A-522B-4988-A482-458012DC325E}.Release|Any CPU.ActiveCfg = Release|Any CPU
		{9FBBC82A-522B-4988-A482-458012DC325E}.Release|Any CPU.Build.0 = Release|Any CPU
	EndGlobalSection
	GlobalSection(SolutionProperties) = preSolution
		HideSolutionNode = FALSE
	EndGlobalSection
	GlobalSection(ExtensibilityGlobals) = postSolution
		SolutionGuid = {AC5459F4-2D21-42C4-81C3-84B96E245133}
	EndGlobalSection
EndGlobal
